// !$*UTF8*$!
{
	archiveVersion = 1;
	classes = {
	};
	objectVersion = 56;
	objects = {

/* Begin PBXBuildFile section */
		B306B6682CBD297E00CE8190 /* GameScene.sks in Resources */ = {isa = PBXBuildFile; fileRef = B306B6672CBD297E00CE8190 /* GameScene.sks */; };
		B306B66A2CBD297E00CE8190 /* Actions.sks in Resources */ = {isa = PBXBuildFile; fileRef = B306B6692CBD297E00CE8190 /* Actions.sks */; };
		B306B6712CBD297E00CE8190 /* Main.storyboard in Resources */ = {isa = PBXBuildFile; fileRef = B306B66F2CBD297E00CE8190 /* Main.storyboard */; };
		B306B6732CBD298000CE8190 /* Assets.xcassets in Resources */ = {isa = PBXBuildFile; fileRef = B306B6722CBD298000CE8190 /* Assets.xcassets */; };
		B306B6762CBD298000CE8190 /* LaunchScreen.storyboard in Resources */ = {isa = PBXBuildFile; fileRef = B306B6742CBD298000CE8190 /* LaunchScreen.storyboard */; };
		B306B6802CBD298000CE8190 /* Luigi_MansionTests.swift in Sources */ = {isa = PBXBuildFile; fileRef = B306B67F2CBD298000CE8190 /* Luigi_MansionTests.swift */; };
		B306B68A2CBD298000CE8190 /* Luigi_MansionUITests.swift in Sources */ = {isa = PBXBuildFile; fileRef = B306B6892CBD298000CE8190 /* Luigi_MansionUITests.swift */; };
		B306B68C2CBD298000CE8190 /* Luigi_MansionUITestsLaunchTests.swift in Sources */ = {isa = PBXBuildFile; fileRef = B306B68B2CBD298000CE8190 /* Luigi_MansionUITestsLaunchTests.swift */; };
		B306B6992CBD2A8A00CE8190 /* AppDelegate.swift in Sources */ = {isa = PBXBuildFile; fileRef = B306B6982CBD2A8A00CE8190 /* AppDelegate.swift */; };
		B306B69B2CBD2ACB00CE8190 /* SceneDelegate.swift in Sources */ = {isa = PBXBuildFile; fileRef = B306B69A2CBD2ACB00CE8190 /* SceneDelegate.swift */; };
		B306B69D2CBD2AF700CE8190 /* QRCodeScannerViewController.swift in Sources */ = {isa = PBXBuildFile; fileRef = B306B69C2CBD2AF700CE8190 /* QRCodeScannerViewController.swift */; };
		B36D78932CBD40EF004377B0 /* StartViewController.swift in Sources */ = {isa = PBXBuildFile; fileRef = B36D78922CBD40EF004377B0 /* StartViewController.swift */; };
		B36D78952CBD41EF004377B0 /* TutorialViewController.swift in Sources */ = {isa = PBXBuildFile; fileRef = B36D78942CBD41EF004377B0 /* TutorialViewController.swift */; };
		B371A0C42CBD47DC00577943 /* GameViewController.swift in Sources */ = {isa = PBXBuildFile; fileRef = B371A0C32CBD47DC00577943 /* GameViewController.swift */; };
		B371A0C62CBD481800577943 /* ResultViewController.swift in Sources */ = {isa = PBXBuildFile; fileRef = B371A0C52CBD481800577943 /* ResultViewController.swift */; };
/* End PBXBuildFile section */

/* Begin PBXContainerItemProxy section */
		B306B67C2CBD298000CE8190 /* PBXContainerItemProxy */ = {
			isa = PBXContainerItemProxy;
			containerPortal = B306B65A2CBD297D00CE8190 /* Project object */;
			proxyType = 1;
			remoteGlobalIDString = B306B6612CBD297E00CE8190;
			remoteInfo = "Luigi Mansion";
		};
		B306B6862CBD298000CE8190 /* PBXContainerItemProxy */ = {
			isa = PBXContainerItemProxy;
			containerPortal = B306B65A2CBD297D00CE8190 /* Project object */;
			proxyType = 1;
			remoteGlobalIDString = B306B6612CBD297E00CE8190;
			remoteInfo = "Luigi Mansion";
		};
/* End PBXContainerItemProxy section */

/* Begin PBXFileReference section */
		B306B6622CBD297E00CE8190 /* Luigi Mansion.app */ = {isa = PBXFileReference; explicitFileType = wrapper.application; includeInIndex = 0; path = "Luigi Mansion.app"; sourceTree = BUILT_PRODUCTS_DIR; };
		B306B6672CBD297E00CE8190 /* GameScene.sks */ = {isa = PBXFileReference; lastKnownFileType = file.sks; path = GameScene.sks; sourceTree = "<group>"; };
		B306B6692CBD297E00CE8190 /* Actions.sks */ = {isa = PBXFileReference; lastKnownFileType = file.sks; path = Actions.sks; sourceTree = "<group>"; };
		B306B6702CBD297E00CE8190 /* Base */ = {isa = PBXFileReference; lastKnownFileType = file.storyboard; name = Base; path = Base.lproj/Main.storyboard; sourceTree = "<group>"; };
		B306B6722CBD298000CE8190 /* Assets.xcassets */ = {isa = PBXFileReference; lastKnownFileType = folder.assetcatalog; path = Assets.xcassets; sourceTree = "<group>"; };
		B306B6752CBD298000CE8190 /* Base */ = {isa = PBXFileReference; lastKnownFileType = file.storyboard; name = Base; path = Base.lproj/LaunchScreen.storyboard; sourceTree = "<group>"; };
		B306B67B2CBD298000CE8190 /* Luigi MansionTests.xctest */ = {isa = PBXFileReference; explicitFileType = wrapper.cfbundle; includeInIndex = 0; path = "Luigi MansionTests.xctest"; sourceTree = BUILT_PRODUCTS_DIR; };
		B306B67F2CBD298000CE8190 /* Luigi_MansionTests.swift */ = {isa = PBXFileReference; lastKnownFileType = sourcecode.swift; path = Luigi_MansionTests.swift; sourceTree = "<group>"; };
		B306B6852CBD298000CE8190 /* Luigi MansionUITests.xctest */ = {isa = PBXFileReference; explicitFileType = wrapper.cfbundle; includeInIndex = 0; path = "Luigi MansionUITests.xctest"; sourceTree = BUILT_PRODUCTS_DIR; };
		B306B6892CBD298000CE8190 /* Luigi_MansionUITests.swift */ = {isa = PBXFileReference; lastKnownFileType = sourcecode.swift; path = Luigi_MansionUITests.swift; sourceTree = "<group>"; };
		B306B68B2CBD298000CE8190 /* Luigi_MansionUITestsLaunchTests.swift */ = {isa = PBXFileReference; lastKnownFileType = sourcecode.swift; path = Luigi_MansionUITestsLaunchTests.swift; sourceTree = "<group>"; };
		B306B6982CBD2A8A00CE8190 /* AppDelegate.swift */ = {isa = PBXFileReference; lastKnownFileType = sourcecode.swift; path = AppDelegate.swift; sourceTree = "<group>"; };
		B306B69A2CBD2ACB00CE8190 /* SceneDelegate.swift */ = {isa = PBXFileReference; lastKnownFileType = sourcecode.swift; path = SceneDelegate.swift; sourceTree = "<group>"; };
		B306B69C2CBD2AF700CE8190 /* QRCodeScannerViewController.swift */ = {isa = PBXFileReference; lastKnownFileType = sourcecode.swift; path = QRCodeScannerViewController.swift; sourceTree = "<group>"; };
		B306B69E2CBD2B3200CE8190 /* Luigi-Mansion-Info.plist */ = {isa = PBXFileReference; lastKnownFileType = text.plist; path = "Luigi-Mansion-Info.plist"; sourceTree = SOURCE_ROOT; };
		B36D78922CBD40EF004377B0 /* StartViewController.swift */ = {isa = PBXFileReference; lastKnownFileType = sourcecode.swift; path = StartViewController.swift; sourceTree = "<group>"; };
		B36D78942CBD41EF004377B0 /* TutorialViewController.swift */ = {isa = PBXFileReference; lastKnownFileType = sourcecode.swift; path = TutorialViewController.swift; sourceTree = "<group>"; };
		B371A0C32CBD47DC00577943 /* GameViewController.swift */ = {isa = PBXFileReference; lastKnownFileType = sourcecode.swift; path = GameViewController.swift; sourceTree = "<group>"; };
		B371A0C52CBD481800577943 /* ResultViewController.swift */ = {isa = PBXFileReference; lastKnownFileType = sourcecode.swift; path = ResultViewController.swift; sourceTree = "<group>"; };
/* End PBXFileReference section */

/* Begin PBXFrameworksBuildPhase section */
		B306B65F2CBD297E00CE8190 /* Frameworks */ = {
			isa = PBXFrameworksBuildPhase;
			buildActionMask = 2147483647;
			files = (
			);
			runOnlyForDeploymentPostprocessing = 0;
		};
		B306B6782CBD298000CE8190 /* Frameworks */ = {
			isa = PBXFrameworksBuildPhase;
			buildActionMask = 2147483647;
			files = (
			);
			runOnlyForDeploymentPostprocessing = 0;
		};
		B306B6822CBD298000CE8190 /* Frameworks */ = {
			isa = PBXFrameworksBuildPhase;
			buildActionMask = 2147483647;
			files = (
			);
			runOnlyForDeploymentPostprocessing = 0;
		};
/* End PBXFrameworksBuildPhase section */

/* Begin PBXGroup section */
		B306B6592CBD297D00CE8190 = {
			isa = PBXGroup;
			children = (
				B306B6642CBD297E00CE8190 /* Luigi Mansion */,
				B306B67E2CBD298000CE8190 /* Luigi MansionTests */,
				B306B6882CBD298000CE8190 /* Luigi MansionUITests */,
				B306B6632CBD297E00CE8190 /* Products */,
			);
			sourceTree = "<group>";
		};
		B306B6632CBD297E00CE8190 /* Products */ = {
			isa = PBXGroup;
			children = (
				B306B6622CBD297E00CE8190 /* Luigi Mansion.app */,
				B306B67B2CBD298000CE8190 /* Luigi MansionTests.xctest */,
				B306B6852CBD298000CE8190 /* Luigi MansionUITests.xctest */,
			);
			name = Products;
			sourceTree = "<group>";
		};
		B306B6642CBD297E00CE8190 /* Luigi Mansion */ = {
			isa = PBXGroup;
			children = (
				B306B69E2CBD2B3200CE8190 /* Luigi-Mansion-Info.plist */,
				B306B6672CBD297E00CE8190 /* GameScene.sks */,
				B306B6692CBD297E00CE8190 /* Actions.sks */,
				B36D78922CBD40EF004377B0 /* StartViewController.swift */,
				B36D78942CBD41EF004377B0 /* TutorialViewController.swift */,
				B371A0C32CBD47DC00577943 /* GameViewController.swift */,
				B371A0C52CBD481800577943 /* ResultViewController.swift */,
				B306B6982CBD2A8A00CE8190 /* AppDelegate.swift */,
				B306B69A2CBD2ACB00CE8190 /* SceneDelegate.swift */,
				B306B66F2CBD297E00CE8190 /* Main.storyboard */,
				B306B69C2CBD2AF700CE8190 /* QRCodeScannerViewController.swift */,
				B306B6722CBD298000CE8190 /* Assets.xcassets */,
				B306B6742CBD298000CE8190 /* LaunchScreen.storyboard */,
			);
			path = "Luigi Mansion";
			sourceTree = "<group>";
		};
		B306B67E2CBD298000CE8190 /* Luigi MansionTests */ = {
			isa = PBXGroup;
			children = (
				B306B67F2CBD298000CE8190 /* Luigi_MansionTests.swift */,
			);
			path = "Luigi MansionTests";
			sourceTree = "<group>";
		};
		B306B6882CBD298000CE8190 /* Luigi MansionUITests */ = {
			isa = PBXGroup;
			children = (
				B306B6892CBD298000CE8190 /* Luigi_MansionUITests.swift */,
				B306B68B2CBD298000CE8190 /* Luigi_MansionUITestsLaunchTests.swift */,
			);
			path = "Luigi MansionUITests";
			sourceTree = "<group>";
		};
/* End PBXGroup section */

/* Begin PBXNativeTarget section */
		B306B6612CBD297E00CE8190 /* Luigi Mansion */ = {
			isa = PBXNativeTarget;
			buildConfigurationList = B306B68F2CBD298000CE8190 /* Build configuration list for PBXNativeTarget "Luigi Mansion" */;
			buildPhases = (
				B306B65E2CBD297E00CE8190 /* Sources */,
				B306B65F2CBD297E00CE8190 /* Frameworks */,
				B306B6602CBD297E00CE8190 /* Resources */,
			);
			buildRules = (
			);
			dependencies = (
			);
			name = "Luigi Mansion";
			productName = "Luigi Mansion";
			productReference = B306B6622CBD297E00CE8190 /* Luigi Mansion.app */;
			productType = "com.apple.product-type.application";
		};
		B306B67A2CBD298000CE8190 /* Luigi MansionTests */ = {
			isa = PBXNativeTarget;
			buildConfigurationList = B306B6922CBD298000CE8190 /* Build configuration list for PBXNativeTarget "Luigi MansionTests" */;
			buildPhases = (
				B306B6772CBD298000CE8190 /* Sources */,
				B306B6782CBD298000CE8190 /* Frameworks */,
				B306B6792CBD298000CE8190 /* Resources */,
			);
			buildRules = (
			);
			dependencies = (
				B306B67D2CBD298000CE8190 /* PBXTargetDependency */,
			);
			name = "Luigi MansionTests";
			productName = "Luigi MansionTests";
			productReference = B306B67B2CBD298000CE8190 /* Luigi MansionTests.xctest */;
			productType = "com.apple.product-type.bundle.unit-test";
		};
		B306B6842CBD298000CE8190 /* Luigi MansionUITests */ = {
			isa = PBXNativeTarget;
			buildConfigurationList = B306B6952CBD298000CE8190 /* Build configuration list for PBXNativeTarget "Luigi MansionUITests" */;
			buildPhases = (
				B306B6812CBD298000CE8190 /* Sources */,
				B306B6822CBD298000CE8190 /* Frameworks */,
				B306B6832CBD298000CE8190 /* Resources */,
			);
			buildRules = (
			);
			dependencies = (
				B306B6872CBD298000CE8190 /* PBXTargetDependency */,
			);
			name = "Luigi MansionUITests";
			productName = "Luigi MansionUITests";
			productReference = B306B6852CBD298000CE8190 /* Luigi MansionUITests.xctest */;
			productType = "com.apple.product-type.bundle.ui-testing";
		};
/* End PBXNativeTarget section */

/* Begin PBXProject section */
		B306B65A2CBD297D00CE8190 /* Project object */ = {
			isa = PBXProject;
			attributes = {
				BuildIndependentTargetsInParallel = 1;
				LastSwiftUpdateCheck = 1420;
				LastUpgradeCheck = 1420;
				TargetAttributes = {
					B306B6612CBD297E00CE8190 = {
						CreatedOnToolsVersion = 14.2;
					};
					B306B67A2CBD298000CE8190 = {
						CreatedOnToolsVersion = 14.2;
						TestTargetID = B306B6612CBD297E00CE8190;
					};
					B306B6842CBD298000CE8190 = {
						CreatedOnToolsVersion = 14.2;
						TestTargetID = B306B6612CBD297E00CE8190;
					};
				};
			};
			buildConfigurationList = B306B65D2CBD297D00CE8190 /* Build configuration list for PBXProject "Luigi Mansion" */;
			compatibilityVersion = "Xcode 14.0";
			developmentRegion = en;
			hasScannedForEncodings = 0;
			knownRegions = (
				en,
				Base,
			);
			mainGroup = B306B6592CBD297D00CE8190;
			productRefGroup = B306B6632CBD297E00CE8190 /* Products */;
			projectDirPath = "";
			projectRoot = "";
			targets = (
				B306B6612CBD297E00CE8190 /* Luigi Mansion */,
				B306B67A2CBD298000CE8190 /* Luigi MansionTests */,
				B306B6842CBD298000CE8190 /* Luigi MansionUITests */,
			);
		};
/* End PBXProject section */

/* Begin PBXResourcesBuildPhase section */
		B306B6602CBD297E00CE8190 /* Resources */ = {
			isa = PBXResourcesBuildPhase;
			buildActionMask = 2147483647;
			files = (
				B306B6712CBD297E00CE8190 /* Main.storyboard in Resources */,
				B306B6682CBD297E00CE8190 /* GameScene.sks in Resources */,
				B306B6732CBD298000CE8190 /* Assets.xcassets in Resources */,
				B306B6762CBD298000CE8190 /* LaunchScreen.storyboard in Resources */,
				B306B66A2CBD297E00CE8190 /* Actions.sks in Resources */,
			);
			runOnlyForDeploymentPostprocessing = 0;
		};
		B306B6792CBD298000CE8190 /* Resources */ = {
			isa = PBXResourcesBuildPhase;
			buildActionMask = 2147483647;
			files = (
			);
			runOnlyForDeploymentPostprocessing = 0;
		};
		B306B6832CBD298000CE8190 /* Resources */ = {
			isa = PBXResourcesBuildPhase;
			buildActionMask = 2147483647;
			files = (
			);
			runOnlyForDeploymentPostprocessing = 0;
		};
/* End PBXResourcesBuildPhase section */

/* Begin PBXSourcesBuildPhase section */
		B306B65E2CBD297E00CE8190 /* Sources */ = {
			isa = PBXSourcesBuildPhase;
			buildActionMask = 2147483647;
			files = (
				B306B6992CBD2A8A00CE8190 /* AppDelegate.swift in Sources */,
				B306B69B2CBD2ACB00CE8190 /* SceneDelegate.swift in Sources */,
				B371A0C62CBD481800577943 /* ResultViewController.swift in Sources */,
				B36D78952CBD41EF004377B0 /* TutorialViewController.swift in Sources */,
				B36D78932CBD40EF004377B0 /* StartViewController.swift in Sources */,
				B371A0C42CBD47DC00577943 /* GameViewController.swift in Sources */,
				B306B69D2CBD2AF700CE8190 /* QRCodeScannerViewController.swift in Sources */,
			);
			runOnlyForDeploymentPostprocessing = 0;
		};
		B306B6772CBD298000CE8190 /* Sources */ = {
			isa = PBXSourcesBuildPhase;
			buildActionMask = 2147483647;
			files = (
				B306B6802CBD298000CE8190 /* Luigi_MansionTests.swift in Sources */,
			);
			runOnlyForDeploymentPostprocessing = 0;
		};
		B306B6812CBD298000CE8190 /* Sources */ = {
			isa = PBXSourcesBuildPhase;
			buildActionMask = 2147483647;
			files = (
				B306B68A2CBD298000CE8190 /* Luigi_MansionUITests.swift in Sources */,
				B306B68C2CBD298000CE8190 /* Luigi_MansionUITestsLaunchTests.swift in Sources */,
			);
			runOnlyForDeploymentPostprocessing = 0;
		};
/* End PBXSourcesBuildPhase section */

/* Begin PBXTargetDependency section */
		B306B67D2CBD298000CE8190 /* PBXTargetDependency */ = {
			isa = PBXTargetDependency;
			target = B306B6612CBD297E00CE8190 /* Luigi Mansion */;
			targetProxy = B306B67C2CBD298000CE8190 /* PBXContainerItemProxy */;
		};
		B306B6872CBD298000CE8190 /* PBXTargetDependency */ = {
			isa = PBXTargetDependency;
			target = B306B6612CBD297E00CE8190 /* Luigi Mansion */;
			targetProxy = B306B6862CBD298000CE8190 /* PBXContainerItemProxy */;
		};
/* End PBXTargetDependency section */

/* Begin PBXVariantGroup section */
		B306B66F2CBD297E00CE8190 /* Main.storyboard */ = {
			isa = PBXVariantGroup;
			children = (
				B306B6702CBD297E00CE8190 /* Base */,
			);
			name = Main.storyboard;
			sourceTree = "<group>";
		};
		B306B6742CBD298000CE8190 /* LaunchScreen.storyboard */ = {
			isa = PBXVariantGroup;
			children = (
				B306B6752CBD298000CE8190 /* Base */,
			);
			name = LaunchScreen.storyboard;
			sourceTree = "<group>";
		};
/* End PBXVariantGroup section */

/* Begin XCBuildConfiguration section */
		B306B68D2CBD298000CE8190 /* Debug */ = {
			isa = XCBuildConfiguration;
			buildSettings = {
				ALWAYS_SEARCH_USER_PATHS = NO;
				CLANG_ANALYZER_NONNULL = YES;
				CLANG_ANALYZER_NUMBER_OBJECT_CONVERSION = YES_AGGRESSIVE;
				CLANG_CXX_LANGUAGE_STANDARD = "gnu++20";
				CLANG_ENABLE_MODULES = YES;
				CLANG_ENABLE_OBJC_ARC = YES;
				CLANG_ENABLE_OBJC_WEAK = YES;
				CLANG_WARN_BLOCK_CAPTURE_AUTORELEASING = YES;
				CLANG_WARN_BOOL_CONVERSION = YES;
				CLANG_WARN_COMMA = YES;
				CLANG_WARN_CONSTANT_CONVERSION = YES;
				CLANG_WARN_DEPRECATED_OBJC_IMPLEMENTATIONS = YES;
				CLANG_WARN_DIRECT_OBJC_ISA_USAGE = YES_ERROR;
				CLANG_WARN_DOCUMENTATION_COMMENTS = YES;
				CLANG_WARN_EMPTY_BODY = YES;
				CLANG_WARN_ENUM_CONVERSION = YES;
				CLANG_WARN_INFINITE_RECURSION = YES;
				CLANG_WARN_INT_CONVERSION = YES;
				CLANG_WARN_NON_LITERAL_NULL_CONVERSION = YES;
				CLANG_WARN_OBJC_IMPLICIT_RETAIN_SELF = YES;
				CLANG_WARN_OBJC_LITERAL_CONVERSION = YES;
				CLANG_WARN_OBJC_ROOT_CLASS = YES_ERROR;
				CLANG_WARN_QUOTED_INCLUDE_IN_FRAMEWORK_HEADER = YES;
				CLANG_WARN_RANGE_LOOP_ANALYSIS = YES;
				CLANG_WARN_STRICT_PROTOTYPES = YES;
				CLANG_WARN_SUSPICIOUS_MOVE = YES;
				CLANG_WARN_UNGUARDED_AVAILABILITY = YES_AGGRESSIVE;
				CLANG_WARN_UNREACHABLE_CODE = YES;
				CLANG_WARN__DUPLICATE_METHOD_MATCH = YES;
				COPY_PHASE_STRIP = NO;
				DEBUG_INFORMATION_FORMAT = dwarf;
				ENABLE_STRICT_OBJC_MSGSEND = YES;
				ENABLE_TESTABILITY = YES;
				GCC_C_LANGUAGE_STANDARD = gnu11;
				GCC_DYNAMIC_NO_PIC = NO;
				GCC_NO_COMMON_BLOCKS = YES;
				GCC_OPTIMIZATION_LEVEL = 0;
				GCC_PREPROCESSOR_DEFINITIONS = (
					"DEBUG=1",
					"$(inherited)",
				);
				GCC_WARN_64_TO_32_BIT_CONVERSION = YES;
				GCC_WARN_ABOUT_RETURN_TYPE = YES_ERROR;
				GCC_WARN_UNDECLARED_SELECTOR = YES;
				GCC_WARN_UNINITIALIZED_AUTOS = YES_AGGRESSIVE;
				GCC_WARN_UNUSED_FUNCTION = YES;
				GCC_WARN_UNUSED_VARIABLE = YES;
				IPHONEOS_DEPLOYMENT_TARGET = 16.2;
				MTL_ENABLE_DEBUG_INFO = INCLUDE_SOURCE;
				MTL_FAST_MATH = YES;
				ONLY_ACTIVE_ARCH = YES;
				SDKROOT = iphoneos;
				SWIFT_ACTIVE_COMPILATION_CONDITIONS = DEBUG;
				SWIFT_OPTIMIZATION_LEVEL = "-Onone";
			};
			name = Debug;
		};
		B306B68E2CBD298000CE8190 /* Release */ = {
			isa = XCBuildConfiguration;
			buildSettings = {
				ALWAYS_SEARCH_USER_PATHS = NO;
				CLANG_ANALYZER_NONNULL = YES;
				CLANG_ANALYZER_NUMBER_OBJECT_CONVERSION = YES_AGGRESSIVE;
				CLANG_CXX_LANGUAGE_STANDARD = "gnu++20";
				CLANG_ENABLE_MODULES = YES;
				CLANG_ENABLE_OBJC_ARC = YES;
				CLANG_ENABLE_OBJC_WEAK = YES;
				CLANG_WARN_BLOCK_CAPTURE_AUTORELEASING = YES;
				CLANG_WARN_BOOL_CONVERSION = YES;
				CLANG_WARN_COMMA = YES;
				CLANG_WARN_CONSTANT_CONVERSION = YES;
				CLANG_WARN_DEPRECATED_OBJC_IMPLEMENTATIONS = YES;
				CLANG_WARN_DIRECT_OBJC_ISA_USAGE = YES_ERROR;
				CLANG_WARN_DOCUMENTATION_COMMENTS = YES;
				CLANG_WARN_EMPTY_BODY = YES;
				CLANG_WARN_ENUM_CONVERSION = YES;
				CLANG_WARN_INFINITE_RECURSION = YES;
				CLANG_WARN_INT_CONVERSION = YES;
				CLANG_WARN_NON_LITERAL_NULL_CONVERSION = YES;
				CLANG_WARN_OBJC_IMPLICIT_RETAIN_SELF = YES;
				CLANG_WARN_OBJC_LITERAL_CONVERSION = YES;
				CLANG_WARN_OBJC_ROOT_CLASS = YES_ERROR;
				CLANG_WARN_QUOTED_INCLUDE_IN_FRAMEWORK_HEADER = YES;
				CLANG_WARN_RANGE_LOOP_ANALYSIS = YES;
				CLANG_WARN_STRICT_PROTOTYPES = YES;
				CLANG_WARN_SUSPICIOUS_MOVE = YES;
				CLANG_WARN_UNGUARDED_AVAILABILITY = YES_AGGRESSIVE;
				CLANG_WARN_UNREACHABLE_CODE = YES;
				CLANG_WARN__DUPLICATE_METHOD_MATCH = YES;
				COPY_PHASE_STRIP = NO;
				DEBUG_INFORMATION_FORMAT = "dwarf-with-dsym";
				ENABLE_NS_ASSERTIONS = NO;
				ENABLE_STRICT_OBJC_MSGSEND = YES;
				GCC_C_LANGUAGE_STANDARD = gnu11;
				GCC_NO_COMMON_BLOCKS = YES;
				GCC_WARN_64_TO_32_BIT_CONVERSION = YES;
				GCC_WARN_ABOUT_RETURN_TYPE = YES_ERROR;
				GCC_WARN_UNDECLARED_SELECTOR = YES;
				GCC_WARN_UNINITIALIZED_AUTOS = YES_AGGRESSIVE;
				GCC_WARN_UNUSED_FUNCTION = YES;
				GCC_WARN_UNUSED_VARIABLE = YES;
				IPHONEOS_DEPLOYMENT_TARGET = 16.2;
				MTL_ENABLE_DEBUG_INFO = NO;
				MTL_FAST_MATH = YES;
				SDKROOT = iphoneos;
				SWIFT_COMPILATION_MODE = wholemodule;
				SWIFT_OPTIMIZATION_LEVEL = "-O";
				VALIDATE_PRODUCT = YES;
			};
			name = Release;
		};
		B306B6902CBD298000CE8190 /* Debug */ = {
			isa = XCBuildConfiguration;
			buildSettings = {
				ASSETCATALOG_COMPILER_APPICON_NAME = AppIcon;
				ASSETCATALOG_COMPILER_GLOBAL_ACCENT_COLOR_NAME = AccentColor;
				CODE_SIGN_STYLE = Automatic;
				CURRENT_PROJECT_VERSION = 1;
				DEVELOPMENT_TEAM = 63S992XYYX;
				GENERATE_INFOPLIST_FILE = YES;
				INFOPLIST_FILE = "Luigi-Mansion-Info.plist";
				INFOPLIST_KEY_NSCameraUsageDescription = "このアプリはカメラ機能を使います";
				INFOPLIST_KEY_UIApplicationSupportsIndirectInputEvents = YES;
				INFOPLIST_KEY_UILaunchStoryboardName = LaunchScreen;
				INFOPLIST_KEY_UIMainStoryboardFile = Main;
				INFOPLIST_KEY_UIStatusBarHidden = YES;
				INFOPLIST_KEY_UISupportedInterfaceOrientations = "UIInterfaceOrientationLandscapeLeft UIInterfaceOrientationLandscapeRight";
				LD_RUNPATH_SEARCH_PATHS = (
					"$(inherited)",
					"@executable_path/Frameworks",
				);
				MARKETING_VERSION = 1.0;
				PRODUCT_BUNDLE_IDENTIFIER = "Kosen.Luigi-Mansion";
				PRODUCT_NAME = "$(TARGET_NAME)";
				SWIFT_EMIT_LOC_STRINGS = YES;
				SWIFT_VERSION = 5.0;
				TARGETED_DEVICE_FAMILY = "1,2";
			};
			name = Debug;
		};
		B306B6912CBD298000CE8190 /* Release */ = {
			isa = XCBuildConfiguration;
			buildSettings = {
				ASSETCATALOG_COMPILER_APPICON_NAME = AppIcon;
				ASSETCATALOG_COMPILER_GLOBAL_ACCENT_COLOR_NAME = AccentColor;
				CODE_SIGN_STYLE = Automatic;
				CURRENT_PROJECT_VERSION = 1;
				DEVELOPMENT_TEAM = 63S992XYYX;
				GENERATE_INFOPLIST_FILE = YES;
				INFOPLIST_FILE = "Luigi-Mansion-Info.plist";
				INFOPLIST_KEY_NSCameraUsageDescription = "このアプリはカメラ機能を使います";
				INFOPLIST_KEY_UIApplicationSupportsIndirectInputEvents = YES;
				INFOPLIST_KEY_UILaunchStoryboardName = LaunchScreen;
				INFOPLIST_KEY_UIMainStoryboardFile = Main;
				INFOPLIST_KEY_UIStatusBarHidden = YES;
				INFOPLIST_KEY_UISupportedInterfaceOrientations = "UIInterfaceOrientationLandscapeLeft UIInterfaceOrientationLandscapeRight";
				LD_RUNPATH_SEARCH_PATHS = (
					"$(inherited)",
					"@executable_path/Frameworks",
				);
				MARKETING_VERSION = 1.0;
				PRODUCT_BUNDLE_IDENTIFIER = "Kosen.Luigi-Mansion";
				PRODUCT_NAME = "$(TARGET_NAME)";
				SWIFT_EMIT_LOC_STRINGS = YES;
				SWIFT_VERSION = 5.0;
				TARGETED_DEVICE_FAMILY = "1,2";
			};
			name = Release;
		};
		B306B6932CBD298000CE8190 /* Debug */ = {
			isa = XCBuildConfiguration;
			buildSettings = {
				ALWAYS_EMBED_SWIFT_STANDARD_LIBRARIES = YES;
				BUNDLE_LOADER = "$(TEST_HOST)";
				CODE_SIGN_STYLE = Automatic;
				CURRENT_PROJECT_VERSION = 1;
				DEVELOPMENT_TEAM = 63S992XYYX;
				GENERATE_INFOPLIST_FILE = YES;
				IPHONEOS_DEPLOYMENT_TARGET = 16.2;
				MARKETING_VERSION = 1.0;
				PRODUCT_BUNDLE_IDENTIFIER = "Kosen.Luigi-MansionTests";
				PRODUCT_NAME = "$(TARGET_NAME)";
				SWIFT_EMIT_LOC_STRINGS = NO;
				SWIFT_VERSION = 5.0;
				TARGETED_DEVICE_FAMILY = "1,2";
				TEST_HOST = "$(BUILT_PRODUCTS_DIR)/Luigi Mansion.app/$(BUNDLE_EXECUTABLE_FOLDER_PATH)/Luigi Mansion";
			};
			name = Debug;
		};
		B306B6942CBD298000CE8190 /* Release */ = {
			isa = XCBuildConfiguration;
			buildSettings = {
				ALWAYS_EMBED_SWIFT_STANDARD_LIBRARIES = YES;
				BUNDLE_LOADER = "$(TEST_HOST)";
				CODE_SIGN_STYLE = Automatic;
				CURRENT_PROJECT_VERSION = 1;
				DEVELOPMENT_TEAM = 63S992XYYX;
				GENERATE_INFOPLIST_FILE = YES;
				IPHONEOS_DEPLOYMENT_TARGET = 16.2;
				MARKETING_VERSION = 1.0;
				PRODUCT_BUNDLE_IDENTIFIER = "Kosen.Luigi-MansionTests";
				PRODUCT_NAME = "$(TARGET_NAME)";
				SWIFT_EMIT_LOC_STRINGS = NO;
				SWIFT_VERSION = 5.0;
				TARGETED_DEVICE_FAMILY = "1,2";
				TEST_HOST = "$(BUILT_PRODUCTS_DIR)/Luigi Mansion.app/$(BUNDLE_EXECUTABLE_FOLDER_PATH)/Luigi Mansion";
			};
			name = Release;
		};
		B306B6962CBD298000CE8190 /* Debug */ = {
			isa = XCBuildConfiguration;
			buildSettings = {
				ALWAYS_EMBED_SWIFT_STANDARD_LIBRARIES = YES;
				CODE_SIGN_STYLE = Automatic;
				CURRENT_PROJECT_VERSION = 1;
				DEVELOPMENT_TEAM = 63S992XYYX;
				GENERATE_INFOPLIST_FILE = YES;
				MARKETING_VERSION = 1.0;
				PRODUCT_BUNDLE_IDENTIFIER = "Kosen.Luigi-MansionUITests";
				PRODUCT_NAME = "$(TARGET_NAME)";
				SWIFT_EMIT_LOC_STRINGS = NO;
				SWIFT_VERSION = 5.0;
				TARGETED_DEVICE_FAMILY = "1,2";
				TEST_TARGET_NAME = "Luigi Mansion";
			};
			name = Debug;
		};
		B306B6972CBD298000CE8190 /* Release */ = {
			isa = XCBuildConfiguration;
			buildSettings = {
				ALWAYS_EMBED_SWIFT_STANDARD_LIBRARIES = YES;
				CODE_SIGN_STYLE = Automatic;
				CURRENT_PROJECT_VERSION = 1;
				DEVELOPMENT_TEAM = 63S992XYYX;
				GENERATE_INFOPLIST_FILE = YES;
				MARKETING_VERSION = 1.0;
				PRODUCT_BUNDLE_IDENTIFIER = "Kosen.Luigi-MansionUITests";
				PRODUCT_NAME = "$(TARGET_NAME)";
				SWIFT_EMIT_LOC_STRINGS = NO;
				SWIFT_VERSION = 5.0;
				TARGETED_DEVICE_FAMILY = "1,2";
				TEST_TARGET_NAME = "Luigi Mansion";
			};
			name = Release;
		};
/* End XCBuildConfiguration section */

/* Begin XCConfigurationList section */
		B306B65D2CBD297D00CE8190 /* Build configuration list for PBXProject "Luigi Mansion" */ = {
			isa = XCConfigurationList;
			buildConfigurations = (
				B306B68D2CBD298000CE8190 /* Debug */,
				B306B68E2CBD298000CE8190 /* Release */,
			);
			defaultConfigurationIsVisible = 0;
			defaultConfigurationName = Release;
		};
		B306B68F2CBD298000CE8190 /* Build configuration list for PBXNativeTarget "Luigi Mansion" */ = {
			isa = XCConfigurationList;
			buildConfigurations = (
				B306B6902CBD298000CE8190 /* Debug */,
				B306B6912CBD298000CE8190 /* Release */,
			);
			defaultConfigurationIsVisible = 0;
			defaultConfigurationName = Release;
		};
		B306B6922CBD298000CE8190 /* Build configuration list for PBXNativeTarget "Luigi MansionTests" */ = {
			isa = XCConfigurationList;
			buildConfigurations = (
				B306B6932CBD298000CE8190 /* Debug */,
				B306B6942CBD298000CE8190 /* Release */,
			);
			defaultConfigurationIsVisible = 0;
			defaultConfigurationName = Release;
		};
		B306B6952CBD298000CE8190 /* Build configuration list for PBXNativeTarget "Luigi MansionUITests" */ = {
			isa = XCConfigurationList;
			buildConfigurations = (
				B306B6962CBD298000CE8190 /* Debug */,
				B306B6972CBD298000CE8190 /* Release */,
			);
			defaultConfigurationIsVisible = 0;
			defaultConfigurationName = Release;
		};
/* End XCConfigurationList section */
	};
	rootObject = B306B65A2CBD297D00CE8190 /* Project object */;
}
